
Microsoft Visual Studio Solution File, Format Version 12.00
# Visual Studio Version 16
VisualStudioVersion = 16.0.32002.261
MinimumVisualStudioVersion = 10.0.40219.1
Project("{9A19103F-16F7-4668-BE54-9A1E7A4F7556}") = "AmphibiRaria", "AmphibiRaria.csproj", "{9D53B74B-34A5-4EA2-98D1-0F09E6C40158}"
EndProject
Global
	GlobalSection(SolutionConfigurationPlatforms) = preSolution
		Debug|Any CPU = Debug|Any CPU
		Release|Any CPU = Release|Any CPU
	EndGlobalSection
	GlobalSection(ProjectConfigurationPlatforms) = postSolution
		{9D53B74B-34A5-4EA2-98D1-0F09E6C40158}.Debug|Any CPU.ActiveCfg = Debug|Any CPU
		{9D53B74B-34A5-4EA2-98D1-0F09E6C40158}.Debug|Any CPU.Build.0 = Debug|Any CPU
		{9D53B74B-34A5-4EA2-98D1-0F09E6C40158}.Release|Any CPU.ActiveCfg = Release|Any CPU
		{9D53B74B-34A5-4EA2-98D1-0F09E6C40158}.Release|Any CPU.Build.0 = Release|Any CPU
	EndGlobalSection
	GlobalSection(SolutionProperties) = preSolution
		HideSolutionNode = FALSE
	EndGlobalSection
	GlobalSection(ExtensibilityGlobals) = postSolution
		SolutionGuid = {05AB0BB5-1A28-4C8F-9F7A-7EC16428EC1F}
	EndGlobalSection
EndGlobal
